
Microsoft Visual Studio Solution File, Format Version 12.00
# Visual Studio 15
VisualStudioVersion = 15.0.26730.16
MinimumVisualStudioVersion = 10.0.40219.1
Project("{FAE04EC0-301F-11D3-BF4B-00C04F79EFBC}") = "StrategyPattern", "StrategyPattern\StrategyPattern.csproj", "{CA1F08E5-140D-4C06-B2EA-A0E81F61EC15}"
EndProject
Global
	GlobalSection(SolutionConfigurationPlatforms) = preSolution
		Debug|Any CPU = Debug|Any CPU
		Release|Any CPU = Release|Any CPU
	EndGlobalSection
	GlobalSection(ProjectConfigurationPlatforms) = postSolution
		{CA1F08E5-140D-4C06-B2EA-A0E81F61EC15}.Debug|Any CPU.ActiveCfg = Debug|Any CPU
		{CA1F08E5-140D-4C06-B2EA-A0E81F61EC15}.Debug|Any CPU.Build.0 = Debug|Any CPU
		{CA1F08E5-140D-4C06-B2EA-A0E81F61EC15}.Release|Any CPU.ActiveCfg = Release|Any CPU
		{CA1F08E5-140D-4C06-B2EA-A0E81F61EC15}.Release|Any CPU.Build.0 = Release|Any CPU
	EndGlobalSection
	GlobalSection(SolutionProperties) = preSolution
		HideSolutionNode = FALSE
	EndGlobalSection
	GlobalSection(ExtensibilityGlobals) = postSolution
		SolutionGuid = {5FC9E513-9CD4-4C54-B59A-0F06F1D9F6AB}
	EndGlobalSection
EndGlobal
